
Microsoft Visual Studio Solution File, Format Version 12.00
# Visual Studio Version 17
VisualStudioVersion = 17.8.34525.116
MinimumVisualStudioVersion = 10.0.40219.1
Project("{FAE04EC0-301F-11D3-BF4B-00C04F79EFBC}") = "MyFirstDesktopProject", "MyFirstDesktopProject\MyFirstDesktopProject.csproj", "{EB9A11D9-407A-40BC-8C49-4191FE15473A}"
EndProject
Global
	GlobalSection(SolutionConfigurationPlatforms) = preSolution
		Debug|Any CPU = Debug|Any CPU
		Release|Any CPU = Release|Any CPU
	EndGlobalSection
	GlobalSection(ProjectConfigurationPlatforms) = postSolution
		{EB9A11D9-407A-40BC-8C49-4191FE15473A}.Debug|Any CPU.ActiveCfg = Debug|Any CPU
		{EB9A11D9-407A-40BC-8C49-4191FE15473A}.Debug|Any CPU.Build.0 = Debug|Any CPU
		{EB9A11D9-407A-40BC-8C49-4191FE15473A}.Release|Any CPU.ActiveCfg = Release|Any CPU
		{EB9A11D9-407A-40BC-8C49-4191FE15473A}.Release|Any CPU.Build.0 = Release|Any CPU
	EndGlobalSection
	GlobalSection(SolutionProperties) = preSolution
		HideSolutionNode = FALSE
	EndGlobalSection
	GlobalSection(ExtensibilityGlobals) = postSolution
		SolutionGuid = {1EF0C012-36AB-4092-B3B9-86338C247472}
	EndGlobalSection
EndGlobal
